// !$*UTF8*$!
{
	archiveVersion = 1;
	classes = {
	};
	objectVersion = 56;
	objects = {

/* Begin PBXBuildFile section */
		49075E442A9A553B0062FB30 /* ProductDetailView.swift in Sources */ = {isa = PBXBuildFile; fileRef = 49075E432A9A553B0062FB30 /* ProductDetailView.swift */; };
		49075E462A9A59890062FB30 /* NavigationBarDetailView.swift in Sources */ = {isa = PBXBuildFile; fileRef = 49075E452A9A59890062FB30 /* NavigationBarDetailView.swift */; };
		49075E482A9A5B440062FB30 /* HeaderDetailView.swift in Sources */ = {isa = PBXBuildFile; fileRef = 49075E472A9A5B440062FB30 /* HeaderDetailView.swift */; };
		49075E4A2A9D01D70062FB30 /* TopPartDetailView.swift in Sources */ = {isa = PBXBuildFile; fileRef = 49075E492A9D01D70062FB30 /* TopPartDetailView.swift */; };
		49075E4C2A9D06FD0062FB30 /* CustomShape.swift in Sources */ = {isa = PBXBuildFile; fileRef = 49075E4B2A9D06FD0062FB30 /* CustomShape.swift */; };
		49075E4E2A9D0B8B0062FB30 /* RatingSizesDetailView.swift in Sources */ = {isa = PBXBuildFile; fileRef = 49075E4D2A9D0B8B0062FB30 /* RatingSizesDetailView.swift */; };
		49075E502A9D0FF60062FB30 /* QuantityFavoriteDetailView.swift in Sources */ = {isa = PBXBuildFile; fileRef = 49075E4F2A9D0FF60062FB30 /* QuantityFavoriteDetailView.swift */; };
		49075E522A9E65DF0062FB30 /* AddtoCartDetailView.swift in Sources */ = {isa = PBXBuildFile; fileRef = 49075E512A9E65DF0062FB30 /* AddtoCartDetailView.swift */; };
		49075E542A9E741B0062FB30 /* Shop.swift in Sources */ = {isa = PBXBuildFile; fileRef = 49075E532A9E741B0062FB30 /* Shop.swift */; };
		4976567F2A890E28005D47FA /* SwiftUI_TouchdownECommerce_SampleApp.swift in Sources */ = {isa = PBXBuildFile; fileRef = 4976567E2A890E28005D47FA /* SwiftUI_TouchdownECommerce_SampleApp.swift */; };
		497656812A890E28005D47FA /* ContentView.swift in Sources */ = {isa = PBXBuildFile; fileRef = 497656802A890E28005D47FA /* ContentView.swift */; };
		497656832A890E2A005D47FA /* Assets.xcassets in Resources */ = {isa = PBXBuildFile; fileRef = 497656822A890E2A005D47FA /* Assets.xcassets */; };
		497656862A890E2A005D47FA /* Preview Assets.xcassets in Resources */ = {isa = PBXBuildFile; fileRef = 497656852A890E2A005D47FA /* Preview Assets.xcassets */; };
		497656902A8E14F5005D47FA /* player.json in Resources */ = {isa = PBXBuildFile; fileRef = 4976568C2A8E14F5005D47FA /* player.json */; };
		497656912A8E14F5005D47FA /* brand.json in Resources */ = {isa = PBXBuildFile; fileRef = 4976568D2A8E14F5005D47FA /* brand.json */; };
		497656922A8E14F5005D47FA /* product.json in Resources */ = {isa = PBXBuildFile; fileRef = 4976568E2A8E14F5005D47FA /* product.json */; };
		497656932A8E14F5005D47FA /* category.json in Resources */ = {isa = PBXBuildFile; fileRef = 4976568F2A8E14F5005D47FA /* category.json */; };
		4976569E2A8E16E3005D47FA /* Constant.swift in Sources */ = {isa = PBXBuildFile; fileRef = 4976569D2A8E16E3005D47FA /* Constant.swift */; };
		497656A02A8E1AC3005D47FA /* FooterView.swift in Sources */ = {isa = PBXBuildFile; fileRef = 4976569F2A8E1AC3005D47FA /* FooterView.swift */; };
		497656A22A8E2002005D47FA /* NavigationBarView.swift in Sources */ = {isa = PBXBuildFile; fileRef = 497656A12A8E2002005D47FA /* NavigationBarView.swift */; };
		497656E02A938CF1005D47FA /* LogoView.swift in Sources */ = {isa = PBXBuildFile; fileRef = 497656DF2A938CF1005D47FA /* LogoView.swift */; };
		497656E22A9395B7005D47FA /* PlayerModel.swift in Sources */ = {isa = PBXBuildFile; fileRef = 497656E12A9395B7005D47FA /* PlayerModel.swift */; };
		497656E42A939624005D47FA /* CodableBundleExtension.swift in Sources */ = {isa = PBXBuildFile; fileRef = 497656E32A939624005D47FA /* CodableBundleExtension.swift */; };
		497656E82A93988E005D47FA /* FeaturedItemView.swift in Sources */ = {isa = PBXBuildFile; fileRef = 497656E72A93988E005D47FA /* FeaturedItemView.swift */; };
		497656EA2A939948005D47FA /* FeaturedTabView.swift in Sources */ = {isa = PBXBuildFile; fileRef = 497656E92A939948005D47FA /* FeaturedTabView.swift */; };
		497656F02A97BA7D005D47FA /* CategoryModel.swift in Sources */ = {isa = PBXBuildFile; fileRef = 497656EF2A97BA7D005D47FA /* CategoryModel.swift */; };
		497656F22A97BBD7005D47FA /* CategoryItemView.swift in Sources */ = {isa = PBXBuildFile; fileRef = 497656F12A97BBD7005D47FA /* CategoryItemView.swift */; };
		497656F42A97BDFD005D47FA /* CategoryGridView.swift in Sources */ = {isa = PBXBuildFile; fileRef = 497656F32A97BDFD005D47FA /* CategoryGridView.swift */; };
		497656F62A97C752005D47FA /* SectionView.swift in Sources */ = {isa = PBXBuildFile; fileRef = 497656F52A97C752005D47FA /* SectionView.swift */; };
		497656F82A97C9D2005D47FA /* TitleView.swift in Sources */ = {isa = PBXBuildFile; fileRef = 497656F72A97C9D2005D47FA /* TitleView.swift */; };
		497656FA2A97CB15005D47FA /* ProductModel.swift in Sources */ = {isa = PBXBuildFile; fileRef = 497656F92A97CB15005D47FA /* ProductModel.swift */; };
		497656FC2A97CBF2005D47FA /* ProductItemView.swift in Sources */ = {isa = PBXBuildFile; fileRef = 497656FB2A97CBF2005D47FA /* ProductItemView.swift */; };
		497656FE2A9A4451005D47FA /* BrandModel.swift in Sources */ = {isa = PBXBuildFile; fileRef = 497656FD2A9A4451005D47FA /* BrandModel.swift */; };
		497657002A9A44DF005D47FA /* BrandItemView.swift in Sources */ = {isa = PBXBuildFile; fileRef = 497656FF2A9A44DF005D47FA /* BrandItemView.swift */; };
		497657022A9A465B005D47FA /* BrandGridView.swift in Sources */ = {isa = PBXBuildFile; fileRef = 497657012A9A465B005D47FA /* BrandGridView.swift */; };
/* End PBXBuildFile section */

/* Begin PBXFileReference section */
		49075E432A9A553B0062FB30 /* ProductDetailView.swift */ = {isa = PBXFileReference; lastKnownFileType = sourcecode.swift; path = ProductDetailView.swift; sourceTree = "<group>"; };
		49075E452A9A59890062FB30 /* NavigationBarDetailView.swift */ = {isa = PBXFileReference; lastKnownFileType = sourcecode.swift; path = NavigationBarDetailView.swift; sourceTree = "<group>"; };
		49075E472A9A5B440062FB30 /* HeaderDetailView.swift */ = {isa = PBXFileReference; lastKnownFileType = sourcecode.swift; path = HeaderDetailView.swift; sourceTree = "<group>"; };
		49075E492A9D01D70062FB30 /* TopPartDetailView.swift */ = {isa = PBXFileReference; lastKnownFileType = sourcecode.swift; path = TopPartDetailView.swift; sourceTree = "<group>"; };
		49075E4B2A9D06FD0062FB30 /* CustomShape.swift */ = {isa = PBXFileReference; lastKnownFileType = sourcecode.swift; path = CustomShape.swift; sourceTree = "<group>"; };
		49075E4D2A9D0B8B0062FB30 /* RatingSizesDetailView.swift */ = {isa = PBXFileReference; lastKnownFileType = sourcecode.swift; path = RatingSizesDetailView.swift; sourceTree = "<group>"; };
		49075E4F2A9D0FF60062FB30 /* QuantityFavoriteDetailView.swift */ = {isa = PBXFileReference; lastKnownFileType = sourcecode.swift; path = QuantityFavoriteDetailView.swift; sourceTree = "<group>"; };
		49075E512A9E65DF0062FB30 /* AddtoCartDetailView.swift */ = {isa = PBXFileReference; lastKnownFileType = sourcecode.swift; path = AddtoCartDetailView.swift; sourceTree = "<group>"; };
		49075E532A9E741B0062FB30 /* Shop.swift */ = {isa = PBXFileReference; lastKnownFileType = sourcecode.swift; path = Shop.swift; sourceTree = "<group>"; };
		4976567B2A890E28005D47FA /* SwiftUI-TouchdownECommerce-Sample.app */ = {isa = PBXFileReference; explicitFileType = wrapper.application; includeInIndex = 0; path = "SwiftUI-TouchdownECommerce-Sample.app"; sourceTree = BUILT_PRODUCTS_DIR; };
		4976567E2A890E28005D47FA /* SwiftUI_TouchdownECommerce_SampleApp.swift */ = {isa = PBXFileReference; lastKnownFileType = sourcecode.swift; path = SwiftUI_TouchdownECommerce_SampleApp.swift; sourceTree = "<group>"; };
		497656802A890E28005D47FA /* ContentView.swift */ = {isa = PBXFileReference; lastKnownFileType = sourcecode.swift; path = ContentView.swift; sourceTree = "<group>"; };
		497656822A890E2A005D47FA /* Assets.xcassets */ = {isa = PBXFileReference; lastKnownFileType = folder.assetcatalog; path = Assets.xcassets; sourceTree = "<group>"; };
		497656852A890E2A005D47FA /* Preview Assets.xcassets */ = {isa = PBXFileReference; lastKnownFileType = folder.assetcatalog; path = "Preview Assets.xcassets"; sourceTree = "<group>"; };
		4976568C2A8E14F5005D47FA /* player.json */ = {isa = PBXFileReference; fileEncoding = 4; lastKnownFileType = text.json; path = player.json; sourceTree = "<group>"; };
		4976568D2A8E14F5005D47FA /* brand.json */ = {isa = PBXFileReference; fileEncoding = 4; lastKnownFileType = text.json; path = brand.json; sourceTree = "<group>"; };
		4976568E2A8E14F5005D47FA /* product.json */ = {isa = PBXFileReference; fileEncoding = 4; lastKnownFileType = text.json; path = product.json; sourceTree = "<group>"; };
		4976568F2A8E14F5005D47FA /* category.json */ = {isa = PBXFileReference; fileEncoding = 4; lastKnownFileType = text.json; path = category.json; sourceTree = "<group>"; };
		497656952A8E155E005D47FA /* Info.plist */ = {isa = PBXFileReference; lastKnownFileType = text.plist; path = Info.plist; sourceTree = "<group>"; };
		4976569D2A8E16E3005D47FA /* Constant.swift */ = {isa = PBXFileReference; lastKnownFileType = sourcecode.swift; path = Constant.swift; sourceTree = "<group>"; };
		4976569F2A8E1AC3005D47FA /* FooterView.swift */ = {isa = PBXFileReference; lastKnownFileType = sourcecode.swift; path = FooterView.swift; sourceTree = "<group>"; };
		497656A12A8E2002005D47FA /* NavigationBarView.swift */ = {isa = PBXFileReference; lastKnownFileType = sourcecode.swift; path = NavigationBarView.swift; sourceTree = "<group>"; };
		497656DF2A938CF1005D47FA /* LogoView.swift */ = {isa = PBXFileReference; lastKnownFileType = sourcecode.swift; path = LogoView.swift; sourceTree = "<group>"; };
		497656E12A9395B7005D47FA /* PlayerModel.swift */ = {isa = PBXFileReference; lastKnownFileType = sourcecode.swift; path = PlayerModel.swift; sourceTree = "<group>"; };
		497656E32A939624005D47FA /* CodableBundleExtension.swift */ = {isa = PBXFileReference; lastKnownFileType = sourcecode.swift; path = CodableBundleExtension.swift; sourceTree = "<group>"; };
		497656E72A93988E005D47FA /* FeaturedItemView.swift */ = {isa = PBXFileReference; lastKnownFileType = sourcecode.swift; path = FeaturedItemView.swift; sourceTree = "<group>"; };
		497656E92A939948005D47FA /* FeaturedTabView.swift */ = {isa = PBXFileReference; lastKnownFileType = sourcecode.swift; path = FeaturedTabView.swift; sourceTree = "<group>"; };
		497656EF2A97BA7D005D47FA /* CategoryModel.swift */ = {isa = PBXFileReference; lastKnownFileType = sourcecode.swift; path = CategoryModel.swift; sourceTree = "<group>"; };
		497656F12A97BBD7005D47FA /* CategoryItemView.swift */ = {isa = PBXFileReference; lastKnownFileType = sourcecode.swift; path = CategoryItemView.swift; sourceTree = "<group>"; };
		497656F32A97BDFD005D47FA /* CategoryGridView.swift */ = {isa = PBXFileReference; lastKnownFileType = sourcecode.swift; path = CategoryGridView.swift; sourceTree = "<group>"; };
		497656F52A97C752005D47FA /* SectionView.swift */ = {isa = PBXFileReference; lastKnownFileType = sourcecode.swift; path = SectionView.swift; sourceTree = "<group>"; };
		497656F72A97C9D2005D47FA /* TitleView.swift */ = {isa = PBXFileReference; lastKnownFileType = sourcecode.swift; path = TitleView.swift; sourceTree = "<group>"; };
		497656F92A97CB15005D47FA /* ProductModel.swift */ = {isa = PBXFileReference; lastKnownFileType = sourcecode.swift; path = ProductModel.swift; sourceTree = "<group>"; };
		497656FB2A97CBF2005D47FA /* ProductItemView.swift */ = {isa = PBXFileReference; lastKnownFileType = sourcecode.swift; path = ProductItemView.swift; sourceTree = "<group>"; };
		497656FD2A9A4451005D47FA /* BrandModel.swift */ = {isa = PBXFileReference; lastKnownFileType = sourcecode.swift; path = BrandModel.swift; sourceTree = "<group>"; };
		497656FF2A9A44DF005D47FA /* BrandItemView.swift */ = {isa = PBXFileReference; lastKnownFileType = sourcecode.swift; path = BrandItemView.swift; sourceTree = "<group>"; };
		497657012A9A465B005D47FA /* BrandGridView.swift */ = {isa = PBXFileReference; lastKnownFileType = sourcecode.swift; path = BrandGridView.swift; sourceTree = "<group>"; };
/* End PBXFileReference section */

/* Begin PBXFrameworksBuildPhase section */
		497656782A890E28005D47FA /* Frameworks */ = {
			isa = PBXFrameworksBuildPhase;
			buildActionMask = 2147483647;
			files = (
			);
			runOnlyForDeploymentPostprocessing = 0;
		};
/* End PBXFrameworksBuildPhase section */

/* Begin PBXGroup section */
		497656722A890E28005D47FA = {
			isa = PBXGroup;
			children = (
				4976567D2A890E28005D47FA /* SwiftUI-TouchdownECommerce-Sample */,
				4976567C2A890E28005D47FA /* Products */,
			);
			sourceTree = "<group>";
		};
		4976567C2A890E28005D47FA /* Products */ = {
			isa = PBXGroup;
			children = (
				4976567B2A890E28005D47FA /* SwiftUI-TouchdownECommerce-Sample.app */,
			);
			name = Products;
			sourceTree = "<group>";
		};
		4976567D2A890E28005D47FA /* SwiftUI-TouchdownECommerce-Sample */ = {
			isa = PBXGroup;
			children = (
				497656962A8E1637005D47FA /* App */,
				497656972A8E164C005D47FA /* View */,
				497656942A8E1509005D47FA /* Data */,
				4976569A2A8E1669005D47FA /* Model */,
				4976569B2A8E1676005D47FA /* Extension */,
				4976569C2A8E1684005D47FA /* Utility */,
				497656952A8E155E005D47FA /* Info.plist */,
				497656822A890E2A005D47FA /* Assets.xcassets */,
				497656842A890E2A005D47FA /* Preview Content */,
			);
			path = "SwiftUI-TouchdownECommerce-Sample";
			sourceTree = "<group>";
		};
		497656842A890E2A005D47FA /* Preview Content */ = {
			isa = PBXGroup;
			children = (
				497656852A890E2A005D47FA /* Preview Assets.xcassets */,
			);
			path = "Preview Content";
			sourceTree = "<group>";
		};
		497656942A8E1509005D47FA /* Data */ = {
			isa = PBXGroup;
			children = (
				4976568D2A8E14F5005D47FA /* brand.json */,
				4976568F2A8E14F5005D47FA /* category.json */,
				4976568C2A8E14F5005D47FA /* player.json */,
				4976568E2A8E14F5005D47FA /* product.json */,
			);
			path = Data;
			sourceTree = "<group>";
		};
		497656962A8E1637005D47FA /* App */ = {
			isa = PBXGroup;
			children = (
				4976567E2A890E28005D47FA /* SwiftUI_TouchdownECommerce_SampleApp.swift */,
				497656802A890E28005D47FA /* ContentView.swift */,
				49075E432A9A553B0062FB30 /* ProductDetailView.swift */,
			);
			path = App;
			sourceTree = "<group>";
		};
		497656972A8E164C005D47FA /* View */ = {
			isa = PBXGroup;
			children = (
				497656982A8E1655005D47FA /* Home */,
				497656992A8E165C005D47FA /* Detail */,
			);
			path = View;
			sourceTree = "<group>";
		};
		497656982A8E1655005D47FA /* Home */ = {
			isa = PBXGroup;
			children = (
				4976569F2A8E1AC3005D47FA /* FooterView.swift */,
				497656A12A8E2002005D47FA /* NavigationBarView.swift */,
				497656DF2A938CF1005D47FA /* LogoView.swift */,
				497656E72A93988E005D47FA /* FeaturedItemView.swift */,
				497656E92A939948005D47FA /* FeaturedTabView.swift */,
				497656F12A97BBD7005D47FA /* CategoryItemView.swift */,
				497656F32A97BDFD005D47FA /* CategoryGridView.swift */,
				497656F52A97C752005D47FA /* SectionView.swift */,
				497656F72A97C9D2005D47FA /* TitleView.swift */,
				497656FB2A97CBF2005D47FA /* ProductItemView.swift */,
				497656FF2A9A44DF005D47FA /* BrandItemView.swift */,
				497657012A9A465B005D47FA /* BrandGridView.swift */,
			);
			path = Home;
			sourceTree = "<group>";
		};
		497656992A8E165C005D47FA /* Detail */ = {
			isa = PBXGroup;
			children = (
				49075E452A9A59890062FB30 /* NavigationBarDetailView.swift */,
				49075E472A9A5B440062FB30 /* HeaderDetailView.swift */,
				49075E492A9D01D70062FB30 /* TopPartDetailView.swift */,
				49075E4D2A9D0B8B0062FB30 /* RatingSizesDetailView.swift */,
				49075E4F2A9D0FF60062FB30 /* QuantityFavoriteDetailView.swift */,
				49075E512A9E65DF0062FB30 /* AddtoCartDetailView.swift */,
			);
			path = Detail;
			sourceTree = "<group>";
		};
		4976569A2A8E1669005D47FA /* Model */ = {
			isa = PBXGroup;
			children = (
				497656E12A9395B7005D47FA /* PlayerModel.swift */,
				497656EF2A97BA7D005D47FA /* CategoryModel.swift */,
				497656F92A97CB15005D47FA /* ProductModel.swift */,
				497656FD2A9A4451005D47FA /* BrandModel.swift */,
			);
			path = Model;
			sourceTree = "<group>";
		};
		4976569B2A8E1676005D47FA /* Extension */ = {
			isa = PBXGroup;
			children = (
				497656E32A939624005D47FA /* CodableBundleExtension.swift */,
			);
			path = Extension;
			sourceTree = "<group>";
		};
		4976569C2A8E1684005D47FA /* Utility */ = {
			isa = PBXGroup;
			children = (
				4976569D2A8E16E3005D47FA /* Constant.swift */,
				49075E4B2A9D06FD0062FB30 /* CustomShape.swift */,
				49075E532A9E741B0062FB30 /* Shop.swift */,
			);
			path = Utility;
			sourceTree = "<group>";
		};
/* End PBXGroup section */

/* Begin PBXNativeTarget section */
		4976567A2A890E28005D47FA /* SwiftUI-TouchdownECommerce-Sample */ = {
			isa = PBXNativeTarget;
			buildConfigurationList = 497656892A890E2A005D47FA /* Build configuration list for PBXNativeTarget "SwiftUI-TouchdownECommerce-Sample" */;
			buildPhases = (
				497656772A890E28005D47FA /* Sources */,
				497656782A890E28005D47FA /* Frameworks */,
				497656792A890E28005D47FA /* Resources */,
			);
			buildRules = (
			);
			dependencies = (
			);
			name = "SwiftUI-TouchdownECommerce-Sample";
			productName = "SwiftUI-TouchdownECommerce-Sample";
			productReference = 4976567B2A890E28005D47FA /* SwiftUI-TouchdownECommerce-Sample.app */;
			productType = "com.apple.product-type.application";
		};
/* End PBXNativeTarget section */

/* Begin PBXProject section */
		497656732A890E28005D47FA /* Project object */ = {
			isa = PBXProject;
			attributes = {
				BuildIndependentTargetsInParallel = 1;
				LastSwiftUpdateCheck = 1430;
				LastUpgradeCheck = 1430;
				TargetAttributes = {
					4976567A2A890E28005D47FA = {
						CreatedOnToolsVersion = 14.3.1;
					};
				};
			};
			buildConfigurationList = 497656762A890E28005D47FA /* Build configuration list for PBXProject "SwiftUI-TouchdownECommerce-Sample" */;
			compatibilityVersion = "Xcode 14.0";
			developmentRegion = en;
			hasScannedForEncodings = 0;
			knownRegions = (
				en,
				Base,
			);
			mainGroup = 497656722A890E28005D47FA;
			productRefGroup = 4976567C2A890E28005D47FA /* Products */;
			projectDirPath = "";
			projectRoot = "";
			targets = (
				4976567A2A890E28005D47FA /* SwiftUI-TouchdownECommerce-Sample */,
			);
		};
/* End PBXProject section */

/* Begin PBXResourcesBuildPhase section */
		497656792A890E28005D47FA /* Resources */ = {
			isa = PBXResourcesBuildPhase;
			buildActionMask = 2147483647;
			files = (
				497656902A8E14F5005D47FA /* player.json in Resources */,
				497656912A8E14F5005D47FA /* brand.json in Resources */,
				497656862A890E2A005D47FA /* Preview Assets.xcassets in Resources */,
				497656932A8E14F5005D47FA /* category.json in Resources */,
				497656832A890E2A005D47FA /* Assets.xcassets in Resources */,
				497656922A8E14F5005D47FA /* product.json in Resources */,
			);
			runOnlyForDeploymentPostprocessing = 0;
		};
/* End PBXResourcesBuildPhase section */

/* Begin PBXSourcesBuildPhase section */
		497656772A890E28005D47FA /* Sources */ = {
			isa = PBXSourcesBuildPhase;
			buildActionMask = 2147483647;
			files = (
				497656E42A939624005D47FA /* CodableBundleExtension.swift in Sources */,
				49075E482A9A5B440062FB30 /* HeaderDetailView.swift in Sources */,
				49075E4A2A9D01D70062FB30 /* TopPartDetailView.swift in Sources */,
				497656812A890E28005D47FA /* ContentView.swift in Sources */,
				49075E502A9D0FF60062FB30 /* QuantityFavoriteDetailView.swift in Sources */,
				497656E02A938CF1005D47FA /* LogoView.swift in Sources */,
				497656A02A8E1AC3005D47FA /* FooterView.swift in Sources */,
				497656E82A93988E005D47FA /* FeaturedItemView.swift in Sources */,
				497656FC2A97CBF2005D47FA /* ProductItemView.swift in Sources */,
				497657022A9A465B005D47FA /* BrandGridView.swift in Sources */,
				4976567F2A890E28005D47FA /* SwiftUI_TouchdownECommerce_SampleApp.swift in Sources */,
				49075E442A9A553B0062FB30 /* ProductDetailView.swift in Sources */,
				49075E522A9E65DF0062FB30 /* AddtoCartDetailView.swift in Sources */,
				49075E462A9A59890062FB30 /* NavigationBarDetailView.swift in Sources */,
				4976569E2A8E16E3005D47FA /* Constant.swift in Sources */,
				497656F42A97BDFD005D47FA /* CategoryGridView.swift in Sources */,
				497656F02A97BA7D005D47FA /* CategoryModel.swift in Sources */,
				497656A22A8E2002005D47FA /* NavigationBarView.swift in Sources */,
				497656F62A97C752005D47FA /* SectionView.swift in Sources */,
				497657002A9A44DF005D47FA /* BrandItemView.swift in Sources */,
				497656F22A97BBD7005D47FA /* CategoryItemView.swift in Sources */,
				49075E4E2A9D0B8B0062FB30 /* RatingSizesDetailView.swift in Sources */,
				497656EA2A939948005D47FA /* FeaturedTabView.swift in Sources */,
				49075E4C2A9D06FD0062FB30 /* CustomShape.swift in Sources */,
				49075E542A9E741B0062FB30 /* Shop.swift in Sources */,
				497656E22A9395B7005D47FA /* PlayerModel.swift in Sources */,
				497656FE2A9A4451005D47FA /* BrandModel.swift in Sources */,
				497656F82A97C9D2005D47FA /* TitleView.swift in Sources */,
				497656FA2A97CB15005D47FA /* ProductModel.swift in Sources */,
			);
			runOnlyForDeploymentPostprocessing = 0;
		};
/* End PBXSourcesBuildPhase section */

/* Begin XCBuildConfiguration section */
		497656872A890E2A005D47FA /* Debug */ = {
			isa = XCBuildConfiguration;
			buildSettings = {
				ALWAYS_SEARCH_USER_PATHS = NO;
				CLANG_ANALYZER_NONNULL = YES;
				CLANG_ANALYZER_NUMBER_OBJECT_CONVERSION = YES_AGGRESSIVE;
				CLANG_CXX_LANGUAGE_STANDARD = "gnu++20";
				CLANG_ENABLE_MODULES = YES;
				CLANG_ENABLE_OBJC_ARC = YES;
				CLANG_ENABLE_OBJC_WEAK = YES;
				CLANG_WARN_BLOCK_CAPTURE_AUTORELEASING = YES;
				CLANG_WARN_BOOL_CONVERSION = YES;
				CLANG_WARN_COMMA = YES;
				CLANG_WARN_CONSTANT_CONVERSION = YES;
				CLANG_WARN_DEPRECATED_OBJC_IMPLEMENTATIONS = YES;
				CLANG_WARN_DIRECT_OBJC_ISA_USAGE = YES_ERROR;
				CLANG_WARN_DOCUMENTATION_COMMENTS = YES;
				CLANG_WARN_EMPTY_BODY = YES;
				CLANG_WARN_ENUM_CONVERSION = YES;
				CLANG_WARN_INFINITE_RECURSION = YES;
				CLANG_WARN_INT_CONVERSION = YES;
				CLANG_WARN_NON_LITERAL_NULL_CONVERSION = YES;
				CLANG_WARN_OBJC_IMPLICIT_RETAIN_SELF = YES;
				CLANG_WARN_OBJC_LITERAL_CONVERSION = YES;
				CLANG_WARN_OBJC_ROOT_CLASS = YES_ERROR;
				CLANG_WARN_QUOTED_INCLUDE_IN_FRAMEWORK_HEADER = YES;
				CLANG_WARN_RANGE_LOOP_ANALYSIS = YES;
				CLANG_WARN_STRICT_PROTOTYPES = YES;
				CLANG_WARN_SUSPICIOUS_MOVE = YES;
				CLANG_WARN_UNGUARDED_AVAILABILITY = YES_AGGRESSIVE;
				CLANG_WARN_UNREACHABLE_CODE = YES;
				CLANG_WARN__DUPLICATE_METHOD_MATCH = YES;
				COPY_PHASE_STRIP = NO;
				DEBUG_INFORMATION_FORMAT = dwarf;
				ENABLE_STRICT_OBJC_MSGSEND = YES;
				ENABLE_TESTABILITY = YES;
				GCC_C_LANGUAGE_STANDARD = gnu11;
				GCC_DYNAMIC_NO_PIC = NO;
				GCC_NO_COMMON_BLOCKS = YES;
				GCC_OPTIMIZATION_LEVEL = 0;
				GCC_PREPROCESSOR_DEFINITIONS = (
					"DEBUG=1",
					"$(inherited)",
				);
				GCC_WARN_64_TO_32_BIT_CONVERSION = YES;
				GCC_WARN_ABOUT_RETURN_TYPE = YES_ERROR;
				GCC_WARN_UNDECLARED_SELECTOR = YES;
				GCC_WARN_UNINITIALIZED_AUTOS = YES_AGGRESSIVE;
				GCC_WARN_UNUSED_FUNCTION = YES;
				GCC_WARN_UNUSED_VARIABLE = YES;
				IPHONEOS_DEPLOYMENT_TARGET = 16.4;
				MTL_ENABLE_DEBUG_INFO = INCLUDE_SOURCE;
				MTL_FAST_MATH = YES;
				ONLY_ACTIVE_ARCH = YES;
				SDKROOT = iphoneos;
				SWIFT_ACTIVE_COMPILATION_CONDITIONS = DEBUG;
				SWIFT_OPTIMIZATION_LEVEL = "-Onone";
			};
			name = Debug;
		};
		497656882A890E2A005D47FA /* Release */ = {
			isa = XCBuildConfiguration;
			buildSettings = {
				ALWAYS_SEARCH_USER_PATHS = NO;
				CLANG_ANALYZER_NONNULL = YES;
				CLANG_ANALYZER_NUMBER_OBJECT_CONVERSION = YES_AGGRESSIVE;
				CLANG_CXX_LANGUAGE_STANDARD = "gnu++20";
				CLANG_ENABLE_MODULES = YES;
				CLANG_ENABLE_OBJC_ARC = YES;
				CLANG_ENABLE_OBJC_WEAK = YES;
				CLANG_WARN_BLOCK_CAPTURE_AUTORELEASING = YES;
				CLANG_WARN_BOOL_CONVERSION = YES;
				CLANG_WARN_COMMA = YES;
				CLANG_WARN_CONSTANT_CONVERSION = YES;
				CLANG_WARN_DEPRECATED_OBJC_IMPLEMENTATIONS = YES;
				CLANG_WARN_DIRECT_OBJC_ISA_USAGE = YES_ERROR;
				CLANG_WARN_DOCUMENTATION_COMMENTS = YES;
				CLANG_WARN_EMPTY_BODY = YES;
				CLANG_WARN_ENUM_CONVERSION = YES;
				CLANG_WARN_INFINITE_RECURSION = YES;
				CLANG_WARN_INT_CONVERSION = YES;
				CLANG_WARN_NON_LITERAL_NULL_CONVERSION = YES;
				CLANG_WARN_OBJC_IMPLICIT_RETAIN_SELF = YES;
				CLANG_WARN_OBJC_LITERAL_CONVERSION = YES;
				CLANG_WARN_OBJC_ROOT_CLASS = YES_ERROR;
				CLANG_WARN_QUOTED_INCLUDE_IN_FRAMEWORK_HEADER = YES;
				CLANG_WARN_RANGE_LOOP_ANALYSIS = YES;
				CLANG_WARN_STRICT_PROTOTYPES = YES;
				CLANG_WARN_SUSPICIOUS_MOVE = YES;
				CLANG_WARN_UNGUARDED_AVAILABILITY = YES_AGGRESSIVE;
				CLANG_WARN_UNREACHABLE_CODE = YES;
				CLANG_WARN__DUPLICATE_METHOD_MATCH = YES;
				COPY_PHASE_STRIP = NO;
				DEBUG_INFORMATION_FORMAT = "dwarf-with-dsym";
				ENABLE_NS_ASSERTIONS = NO;
				ENABLE_STRICT_OBJC_MSGSEND = YES;
				GCC_C_LANGUAGE_STANDARD = gnu11;
				GCC_NO_COMMON_BLOCKS = YES;
				GCC_WARN_64_TO_32_BIT_CONVERSION = YES;
				GCC_WARN_ABOUT_RETURN_TYPE = YES_ERROR;
				GCC_WARN_UNDECLARED_SELECTOR = YES;
				GCC_WARN_UNINITIALIZED_AUTOS = YES_AGGRESSIVE;
				GCC_WARN_UNUSED_FUNCTION = YES;
				GCC_WARN_UNUSED_VARIABLE = YES;
				IPHONEOS_DEPLOYMENT_TARGET = 16.4;
				MTL_ENABLE_DEBUG_INFO = NO;
				MTL_FAST_MATH = YES;
				SDKROOT = iphoneos;
				SWIFT_COMPILATION_MODE = wholemodule;
				SWIFT_OPTIMIZATION_LEVEL = "-O";
				VALIDATE_PRODUCT = YES;
			};
			name = Release;
		};
		4976568A2A890E2A005D47FA /* Debug */ = {
			isa = XCBuildConfiguration;
			buildSettings = {
				ASSETCATALOG_COMPILER_APPICON_NAME = AppIcon;
				ASSETCATALOG_COMPILER_GLOBAL_ACCENT_COLOR_NAME = AccentColor;
				CODE_SIGN_STYLE = Automatic;
				CURRENT_PROJECT_VERSION = 1;
				DEVELOPMENT_ASSET_PATHS = "\"SwiftUI-TouchdownECommerce-Sample/Preview Content\"";
				ENABLE_PREVIEWS = YES;
				GENERATE_INFOPLIST_FILE = YES;
				INFOPLIST_FILE = "SwiftUI-TouchdownECommerce-Sample/Info.plist";
				INFOPLIST_KEY_UIApplicationSceneManifest_Generation = YES;
				INFOPLIST_KEY_UIApplicationSupportsIndirectInputEvents = YES;
				INFOPLIST_KEY_UISupportedInterfaceOrientations = UIInterfaceOrientationPortrait;
				INFOPLIST_KEY_UIUserInterfaceStyle = Light;
				LD_RUNPATH_SEARCH_PATHS = (
					"$(inherited)",
					"@executable_path/Frameworks",
				);
				MARKETING_VERSION = 1.0;
				PRODUCT_BUNDLE_IDENTIFIER = "com.ekayaint.SwiftUI-TouchdownECommerce-Sample";
				PRODUCT_NAME = "$(TARGET_NAME)";
				SWIFT_EMIT_LOC_STRINGS = YES;
				SWIFT_VERSION = 5.0;
				TARGETED_DEVICE_FAMILY = "1,2";
			};
			name = Debug;
		};
		4976568B2A890E2A005D47FA /* Release */ = {
			isa = XCBuildConfiguration;
			buildSettings = {
				ASSETCATALOG_COMPILER_APPICON_NAME = AppIcon;
				ASSETCATALOG_COMPILER_GLOBAL_ACCENT_COLOR_NAME = AccentColor;
				CODE_SIGN_STYLE = Automatic;
				CURRENT_PROJECT_VERSION = 1;
				DEVELOPMENT_ASSET_PATHS = "\"SwiftUI-TouchdownECommerce-Sample/Preview Content\"";
				ENABLE_PREVIEWS = YES;
				GENERATE_INFOPLIST_FILE = YES;
				INFOPLIST_FILE = "SwiftUI-TouchdownECommerce-Sample/Info.plist";
				INFOPLIST_KEY_UIApplicationSceneManifest_Generation = YES;
				INFOPLIST_KEY_UIApplicationSupportsIndirectInputEvents = YES;
				INFOPLIST_KEY_UISupportedInterfaceOrientations = UIInterfaceOrientationPortrait;
				INFOPLIST_KEY_UIUserInterfaceStyle = Light;
				LD_RUNPATH_SEARCH_PATHS = (
					"$(inherited)",
					"@executable_path/Frameworks",
				);
				MARKETING_VERSION = 1.0;
				PRODUCT_BUNDLE_IDENTIFIER = "com.ekayaint.SwiftUI-TouchdownECommerce-Sample";
				PRODUCT_NAME = "$(TARGET_NAME)";
				SWIFT_EMIT_LOC_STRINGS = YES;
				SWIFT_VERSION = 5.0;
				TARGETED_DEVICE_FAMILY = "1,2";
			};
			name = Release;
		};
/* End XCBuildConfiguration section */

/* Begin XCConfigurationList section */
		497656762A890E28005D47FA /* Build configuration list for PBXProject "SwiftUI-TouchdownECommerce-Sample" */ = {
			isa = XCConfigurationList;
			buildConfigurations = (
				497656872A890E2A005D47FA /* Debug */,
				497656882A890E2A005D47FA /* Release */,
			);
			defaultConfigurationIsVisible = 0;
			defaultConfigurationName = Release;
		};
		497656892A890E2A005D47FA /* Build configuration list for PBXNativeTarget "SwiftUI-TouchdownECommerce-Sample" */ = {
			isa = XCConfigurationList;
			buildConfigurations = (
				4976568A2A890E2A005D47FA /* Debug */,
				4976568B2A890E2A005D47FA /* Release */,
			);
			defaultConfigurationIsVisible = 0;
			defaultConfigurationName = Release;
		};
/* End XCConfigurationList section */
	};
	rootObject = 497656732A890E28005D47FA /* Project object */;
}
